
Microsoft Visual Studio Solution File, Format Version 12.00
# Visual Studio Version 17
VisualStudioVersion = 17.0.31903.59
MinimumVisualStudioVersion = 10.0.40219.1
Project("{2150E333-8FDC-42A3-9474-1A3956D46DE8}") = "Services", "Services", "{79E167BE-5109-4896-9758-783898E451B5}"
EndProject
Project("{2150E333-8FDC-42A3-9474-1A3956D46DE8}") = "AttendanceService", "AttendanceService", "{D77117CC-279E-43D3-8E92-D8ED39CBE7BA}"
EndProject
Project("{FAE04EC0-301F-11D3-BF4B-00C04F79EFBC}") = "AttendanceService.API", "Services\AttendanceService\AttendanceService.API\AttendanceService.API.csproj", "{BD37B94E-5220-436C-B42E-98849C066A80}"
EndProject
Project("{2150E333-8FDC-42A3-9474-1A3956D46DE8}") = "AuthService", "AuthService", "{C0628424-7964-49B2-8F51-D4834058430D}"
EndProject
Project("{FAE04EC0-301F-11D3-BF4B-00C04F79EFBC}") = "AuthService.API", "Services\AuthService\AuthService.API\AuthService.API.csproj", "{D19157A5-56AB-4266-8499-865D910865C5}"
EndProject
Project("{2150E333-8FDC-42A3-9474-1A3956D46DE8}") = "MembershipService", "MembershipService", "{2DDE2E1B-F500-414E-A262-47FBB24498FF}"
EndProject
Project("{FAE04EC0-301F-11D3-BF4B-00C04F79EFBC}") = "MembershipService.API", "Services\MembershipService\MembershipService.API\MembershipService.API.csproj", "{B574B24F-C4D9-449D-933C-B1EE9202A368}"
EndProject
Project("{2150E333-8FDC-42A3-9474-1A3956D46DE8}") = "NotificationService", "NotificationService", "{3DAC7D96-A5AB-4EC2-A05E-5B2FC6D167DB}"
EndProject
Project("{FAE04EC0-301F-11D3-BF4B-00C04F79EFBC}") = "NotificationService.API", "Services\NotificationService\NotificationService.API\NotificationService.API.csproj", "{1B469613-7AFF-4587-B85E-0A54191C547F}"
EndProject
Project("{2150E333-8FDC-42A3-9474-1A3956D46DE8}") = "TenantService", "TenantService", "{48861B31-7FAF-4411-B606-9F52D91716A6}"
EndProject
Project("{FAE04EC0-301F-11D3-BF4B-00C04F79EFBC}") = "TenantService.API", "Services\TenantService\TenantService.API\TenantService.API.csproj", "{C0D47B4C-A6EF-4BEC-85EE-8D26D3402E61}"
EndProject
Project("{2150E333-8FDC-42A3-9474-1A3956D46DE8}") = "UserService", "UserService", "{8B3B33A6-601D-489B-BF89-10638AB57352}"
EndProject
Project("{FAE04EC0-301F-11D3-BF4B-00C04F79EFBC}") = "UserService.API", "Services\UserService\UserService.API\UserService.API.csproj", "{9AC218BA-9F17-4AC2-ACEE-556191EEDE3A}"
EndProject
Project("{2150E333-8FDC-42A3-9474-1A3956D46DE8}") = "WorkoutService", "WorkoutService", "{FF51A3E6-FC9B-4286-9EE0-A1AE4E1CB925}"
EndProject
Project("{FAE04EC0-301F-11D3-BF4B-00C04F79EFBC}") = "WorkoutService.API", "Services\WorkoutService\WorkoutService.API\WorkoutService.API.csproj", "{9F6EBC23-02F2-462F-9814-594E27689927}"
EndProject
Project("{2150E333-8FDC-42A3-9474-1A3956D46DE8}") = "Gateway", "Gateway", "{561805C3-AED5-460A-80DC-C672F887AE42}"
EndProject
Project("{2150E333-8FDC-42A3-9474-1A3956D46DE8}") = "APIGateway", "APIGateway", "{0D5D6B97-586C-4284-9665-F59FA4804A43}"
EndProject
Project("{FAE04EC0-301F-11D3-BF4B-00C04F79EFBC}") = "APIGateway.API", "Gateway\APIGateway\APIGateway.API\APIGateway.API.csproj", "{AE5A0302-3192-4391-A00F-2B7578DF4C81}"
EndProject
Project("{FAE04EC0-301F-11D3-BF4B-00C04F79EFBC}") = "FitSphere.Shared", "Shared\FitSphere.Shared.csproj", "{64D0FF5D-06C2-4C90-9171-09840E7C1C70}"
EndProject
Project("{FAE04EC0-301F-11D3-BF4B-00C04F79EFBC}") = "AuthService.Domain", "Services\AuthService\AuthService.Domain\AuthService.Domain.csproj", "{A7EE8381-B315-4BB7-B159-B4F00205F737}"
EndProject
Project("{FAE04EC0-301F-11D3-BF4B-00C04F79EFBC}") = "AuthService.Infrastructure", "Services\AuthService\AuthService.Infrastructure\AuthService.Infrastructure.csproj", "{B64AB3C9-FE9F-4236-ABD2-4CB25F432131}"
EndProject
Project("{FAE04EC0-301F-11D3-BF4B-00C04F79EFBC}") = "AuthService.Shared", "Services\AuthService\AuthService.Shared\AuthService.Shared.csproj", "{6CE315BF-1033-4C2A-868F-FDE3B218E225}"
EndProject
Project("{FAE04EC0-301F-11D3-BF4B-00C04F79EFBC}") = "AuthService.Application", "Services\AuthService\AuthService.Application\AuthService.Application.csproj", "{DB4C8850-EADB-447A-95BC-C1E81764CCD7}"
EndProject
Global
	GlobalSection(SolutionConfigurationPlatforms) = preSolution
		Debug|Any CPU = Debug|Any CPU
		Release|Any CPU = Release|Any CPU
	EndGlobalSection
	GlobalSection(SolutionProperties) = preSolution
		HideSolutionNode = FALSE
	EndGlobalSection
	GlobalSection(ProjectConfigurationPlatforms) = postSolution
		{BD37B94E-5220-436C-B42E-98849C066A80}.Debug|Any CPU.ActiveCfg = Debug|Any CPU
		{BD37B94E-5220-436C-B42E-98849C066A80}.Debug|Any CPU.Build.0 = Debug|Any CPU
		{BD37B94E-5220-436C-B42E-98849C066A80}.Release|Any CPU.ActiveCfg = Release|Any CPU
		{BD37B94E-5220-436C-B42E-98849C066A80}.Release|Any CPU.Build.0 = Release|Any CPU
		{D19157A5-56AB-4266-8499-865D910865C5}.Debug|Any CPU.ActiveCfg = Debug|Any CPU
		{D19157A5-56AB-4266-8499-865D910865C5}.Debug|Any CPU.Build.0 = Debug|Any CPU
		{D19157A5-56AB-4266-8499-865D910865C5}.Release|Any CPU.ActiveCfg = Release|Any CPU
		{D19157A5-56AB-4266-8499-865D910865C5}.Release|Any CPU.Build.0 = Release|Any CPU
		{B574B24F-C4D9-449D-933C-B1EE9202A368}.Debug|Any CPU.ActiveCfg = Debug|Any CPU
		{B574B24F-C4D9-449D-933C-B1EE9202A368}.Debug|Any CPU.Build.0 = Debug|Any CPU
		{B574B24F-C4D9-449D-933C-B1EE9202A368}.Release|Any CPU.ActiveCfg = Release|Any CPU
		{B574B24F-C4D9-449D-933C-B1EE9202A368}.Release|Any CPU.Build.0 = Release|Any CPU
		{1B469613-7AFF-4587-B85E-0A54191C547F}.Debug|Any CPU.ActiveCfg = Debug|Any CPU
		{1B469613-7AFF-4587-B85E-0A54191C547F}.Debug|Any CPU.Build.0 = Debug|Any CPU
		{1B469613-7AFF-4587-B85E-0A54191C547F}.Release|Any CPU.ActiveCfg = Release|Any CPU
		{1B469613-7AFF-4587-B85E-0A54191C547F}.Release|Any CPU.Build.0 = Release|Any CPU
		{C0D47B4C-A6EF-4BEC-85EE-8D26D3402E61}.Debug|Any CPU.ActiveCfg = Debug|Any CPU
		{C0D47B4C-A6EF-4BEC-85EE-8D26D3402E61}.Debug|Any CPU.Build.0 = Debug|Any CPU
		{C0D47B4C-A6EF-4BEC-85EE-8D26D3402E61}.Release|Any CPU.ActiveCfg = Release|Any CPU
		{C0D47B4C-A6EF-4BEC-85EE-8D26D3402E61}.Release|Any CPU.Build.0 = Release|Any CPU
		{9AC218BA-9F17-4AC2-ACEE-556191EEDE3A}.Debug|Any CPU.ActiveCfg = Debug|Any CPU
		{9AC218BA-9F17-4AC2-ACEE-556191EEDE3A}.Debug|Any CPU.Build.0 = Debug|Any CPU
		{9AC218BA-9F17-4AC2-ACEE-556191EEDE3A}.Release|Any CPU.ActiveCfg = Release|Any CPU
		{9AC218BA-9F17-4AC2-ACEE-556191EEDE3A}.Release|Any CPU.Build.0 = Release|Any CPU
		{9F6EBC23-02F2-462F-9814-594E27689927}.Debug|Any CPU.ActiveCfg = Debug|Any CPU
		{9F6EBC23-02F2-462F-9814-594E27689927}.Debug|Any CPU.Build.0 = Debug|Any CPU
		{9F6EBC23-02F2-462F-9814-594E27689927}.Release|Any CPU.ActiveCfg = Release|Any CPU
		{9F6EBC23-02F2-462F-9814-594E27689927}.Release|Any CPU.Build.0 = Release|Any CPU
		{AE5A0302-3192-4391-A00F-2B7578DF4C81}.Debug|Any CPU.ActiveCfg = Debug|Any CPU
		{AE5A0302-3192-4391-A00F-2B7578DF4C81}.Debug|Any CPU.Build.0 = Debug|Any CPU
		{AE5A0302-3192-4391-A00F-2B7578DF4C81}.Release|Any CPU.ActiveCfg = Release|Any CPU
		{AE5A0302-3192-4391-A00F-2B7578DF4C81}.Release|Any CPU.Build.0 = Release|Any CPU
		{64D0FF5D-06C2-4C90-9171-09840E7C1C70}.Debug|Any CPU.ActiveCfg = Debug|Any CPU
		{64D0FF5D-06C2-4C90-9171-09840E7C1C70}.Debug|Any CPU.Build.0 = Debug|Any CPU
		{64D0FF5D-06C2-4C90-9171-09840E7C1C70}.Release|Any CPU.ActiveCfg = Release|Any CPU
		{64D0FF5D-06C2-4C90-9171-09840E7C1C70}.Release|Any CPU.Build.0 = Release|Any CPU
		{A7EE8381-B315-4BB7-B159-B4F00205F737}.Debug|Any CPU.ActiveCfg = Debug|Any CPU
		{A7EE8381-B315-4BB7-B159-B4F00205F737}.Debug|Any CPU.Build.0 = Debug|Any CPU
		{A7EE8381-B315-4BB7-B159-B4F00205F737}.Release|Any CPU.ActiveCfg = Release|Any CPU
		{A7EE8381-B315-4BB7-B159-B4F00205F737}.Release|Any CPU.Build.0 = Release|Any CPU
		{B64AB3C9-FE9F-4236-ABD2-4CB25F432131}.Debug|Any CPU.ActiveCfg = Debug|Any CPU
		{B64AB3C9-FE9F-4236-ABD2-4CB25F432131}.Debug|Any CPU.Build.0 = Debug|Any CPU
		{B64AB3C9-FE9F-4236-ABD2-4CB25F432131}.Release|Any CPU.ActiveCfg = Release|Any CPU
		{B64AB3C9-FE9F-4236-ABD2-4CB25F432131}.Release|Any CPU.Build.0 = Release|Any CPU
		{6CE315BF-1033-4C2A-868F-FDE3B218E225}.Debug|Any CPU.ActiveCfg = Debug|Any CPU
		{6CE315BF-1033-4C2A-868F-FDE3B218E225}.Debug|Any CPU.Build.0 = Debug|Any CPU
		{6CE315BF-1033-4C2A-868F-FDE3B218E225}.Release|Any CPU.ActiveCfg = Release|Any CPU
		{6CE315BF-1033-4C2A-868F-FDE3B218E225}.Release|Any CPU.Build.0 = Release|Any CPU
		{DB4C8850-EADB-447A-95BC-C1E81764CCD7}.Debug|Any CPU.ActiveCfg = Debug|Any CPU
		{DB4C8850-EADB-447A-95BC-C1E81764CCD7}.Debug|Any CPU.Build.0 = Debug|Any CPU
		{DB4C8850-EADB-447A-95BC-C1E81764CCD7}.Release|Any CPU.ActiveCfg = Release|Any CPU
		{DB4C8850-EADB-447A-95BC-C1E81764CCD7}.Release|Any CPU.Build.0 = Release|Any CPU
	EndGlobalSection
	GlobalSection(NestedProjects) = preSolution
		{D77117CC-279E-43D3-8E92-D8ED39CBE7BA} = {79E167BE-5109-4896-9758-783898E451B5}
		{BD37B94E-5220-436C-B42E-98849C066A80} = {D77117CC-279E-43D3-8E92-D8ED39CBE7BA}
		{C0628424-7964-49B2-8F51-D4834058430D} = {79E167BE-5109-4896-9758-783898E451B5}
		{D19157A5-56AB-4266-8499-865D910865C5} = {C0628424-7964-49B2-8F51-D4834058430D}
		{2DDE2E1B-F500-414E-A262-47FBB24498FF} = {79E167BE-5109-4896-9758-783898E451B5}
		{B574B24F-C4D9-449D-933C-B1EE9202A368} = {2DDE2E1B-F500-414E-A262-47FBB24498FF}
		{3DAC7D96-A5AB-4EC2-A05E-5B2FC6D167DB} = {79E167BE-5109-4896-9758-783898E451B5}
		{1B469613-7AFF-4587-B85E-0A54191C547F} = {3DAC7D96-A5AB-4EC2-A05E-5B2FC6D167DB}
		{48861B31-7FAF-4411-B606-9F52D91716A6} = {79E167BE-5109-4896-9758-783898E451B5}
		{C0D47B4C-A6EF-4BEC-85EE-8D26D3402E61} = {48861B31-7FAF-4411-B606-9F52D91716A6}
		{8B3B33A6-601D-489B-BF89-10638AB57352} = {79E167BE-5109-4896-9758-783898E451B5}
		{9AC218BA-9F17-4AC2-ACEE-556191EEDE3A} = {8B3B33A6-601D-489B-BF89-10638AB57352}
		{FF51A3E6-FC9B-4286-9EE0-A1AE4E1CB925} = {79E167BE-5109-4896-9758-783898E451B5}
		{9F6EBC23-02F2-462F-9814-594E27689927} = {FF51A3E6-FC9B-4286-9EE0-A1AE4E1CB925}
		{0D5D6B97-586C-4284-9665-F59FA4804A43} = {561805C3-AED5-460A-80DC-C672F887AE42}
		{AE5A0302-3192-4391-A00F-2B7578DF4C81} = {0D5D6B97-586C-4284-9665-F59FA4804A43}
		{A7EE8381-B315-4BB7-B159-B4F00205F737} = {C0628424-7964-49B2-8F51-D4834058430D}
		{B64AB3C9-FE9F-4236-ABD2-4CB25F432131} = {C0628424-7964-49B2-8F51-D4834058430D}
		{6CE315BF-1033-4C2A-868F-FDE3B218E225} = {C0628424-7964-49B2-8F51-D4834058430D}
		{DB4C8850-EADB-447A-95BC-C1E81764CCD7} = {C0628424-7964-49B2-8F51-D4834058430D}
	EndGlobalSection
EndGlobal
